{
  "name": "backend",
  "lockfileVersion": 3,
  "requires": true,
  "packages": {
    "": {
      "devDependencies": {
        "serverless-prune-versions": "^1.0.4"
      }
    },
    "node_modules/serverless-prune-versions": {
      "version": "1.0.4",
      "resolved": "https://registry.npmjs.org/serverless-prune-versions/-/serverless-prune-versions-1.0.4.tgz",
      "integrity": "sha512-LfnVToDJ+QB1udO16aaoaiGSNYy5Wlj8jfG/7IdT6nMnszQnic9PoeWv9RGWRPIfCq4zMmVLykWUnDGesWqUHg==",
      "dev": true
    }
  }
}
